<Solution>
  <Project Path="StudyManager.App/StudyManager.App.csproj" />
  <Project Path="StudyManager.ConsoleApp/StudyManager.ConsoleApp.csproj" />
  <Project Path="StudyManager.Services/StudyManager.Services.csproj" />
  <Project Path="StudyManager.Storage/StudyManager.Storage.csproj" />
</Solution>
