<Solution>
  <Project Path="StudyManager.Repositories/StudyManager.Repositories.csproj" Id="ea790063-b3f3-492a-8308-e3a15a4f1f62" />
  <Project Path="StudyManager.Services/StudyManager.Services.csproj" />
  <Project Path="StudyManager.Storage/StudyManager.Storage.csproj" />
  <Project Path="StudyManager.WpfApp/StudyManager.WpfApp.csproj" Id="ad08fbc0-bb28-49fc-a2d7-03b7f6d6d81c" />
</Solution>
